
Microsoft Visual Studio Solution File, Format Version 12.00
# Visual Studio Version 17
VisualStudioVersion = 17.5.002.0
MinimumVisualStudioVersion = 10.0.40219.1
Project("{9A19103F-16F7-4668-BE54-9A1E7A4F7556}") = "Repositorio", "Repositorio.csproj", "{E6A69747-FF29-4933-A9AE-57105E9FC4A6}"
EndProject
Global
	GlobalSection(SolutionConfigurationPlatforms) = preSolution
		Debug|Any CPU = Debug|Any CPU
		Release|Any CPU = Release|Any CPU
	EndGlobalSection
	GlobalSection(ProjectConfigurationPlatforms) = postSolution
		{E6A69747-FF29-4933-A9AE-57105E9FC4A6}.Debug|Any CPU.ActiveCfg = Debug|Any CPU
		{E6A69747-FF29-4933-A9AE-57105E9FC4A6}.Debug|Any CPU.Build.0 = Debug|Any CPU
		{E6A69747-FF29-4933-A9AE-57105E9FC4A6}.Release|Any CPU.ActiveCfg = Release|Any CPU
		{E6A69747-FF29-4933-A9AE-57105E9FC4A6}.Release|Any CPU.Build.0 = Release|Any CPU
	EndGlobalSection
	GlobalSection(SolutionProperties) = preSolution
		HideSolutionNode = FALSE
	EndGlobalSection
	GlobalSection(ExtensibilityGlobals) = postSolution
		SolutionGuid = {D626DFD0-6151-41C5-A3FD-D4CFFAB3CCCD}
	EndGlobalSection
EndGlobal
